
Microsoft Visual Studio Solution File, Format Version 12.00
# Visual Studio Version 17
VisualStudioVersion = 17.13.35828.75 d17.13
MinimumVisualStudioVersion = 10.0.40219.1
Project("{FAE04EC0-301F-11D3-BF4B-00C04F79EFBC}") = "Books.ApiAsync", "Books.ApiAsync\Books.ApiAsync.csproj", "{137BD332-983E-4AF0-9D13-5845AAB9E2DE}"
EndProject
Global
	GlobalSection(SolutionConfigurationPlatforms) = preSolution
		Debug|Any CPU = Debug|Any CPU
		Release|Any CPU = Release|Any CPU
	EndGlobalSection
	GlobalSection(ProjectConfigurationPlatforms) = postSolution
		{137BD332-983E-4AF0-9D13-5845AAB9E2DE}.Debug|Any CPU.ActiveCfg = Debug|Any CPU
		{137BD332-983E-4AF0-9D13-5845AAB9E2DE}.Debug|Any CPU.Build.0 = Debug|Any CPU
		{137BD332-983E-4AF0-9D13-5845AAB9E2DE}.Release|Any CPU.ActiveCfg = Release|Any CPU
		{137BD332-983E-4AF0-9D13-5845AAB9E2DE}.Release|Any CPU.Build.0 = Release|Any CPU
	EndGlobalSection
	GlobalSection(SolutionProperties) = preSolution
		HideSolutionNode = FALSE
	EndGlobalSection
	GlobalSection(ExtensibilityGlobals) = postSolution
		SolutionGuid = {86B1F456-0542-4835-B604-FD7021BC2864}
	EndGlobalSection
EndGlobal
